
Microsoft Visual Studio Solution File, Format Version 12.00
# Visual Studio Version 16
VisualStudioVersion = 16.0.30804.86
MinimumVisualStudioVersion = 10.0.40219.1
Project("{8BC9CEB8-8B4A-11D0-8D11-00A0C91BC942}") = "dnf_addon_logic", "dnf_addon_logic.vcxproj", "{5E88ABDF-6682-4DEB-A98F-3013A1215282}"
EndProject
Project("{8BC9CEB8-8B4A-11D0-8D11-00A0C91BC942}") = "dnf_addon_logic_test", "..\logic_test\logic_test.vcxproj", "{50CDDD0D-C430-4F29-A26A-716A71C93E87}"
EndProject
Global
	GlobalSection(SolutionConfigurationPlatforms) = preSolution
		Debug|x64 = Debug|x64
		Release|x64 = Release|x64
	EndGlobalSection
	GlobalSection(ProjectConfigurationPlatforms) = postSolution
		{5E88ABDF-6682-4DEB-A98F-3013A1215282}.Debug|x64.ActiveCfg = Debug|x64
		{5E88ABDF-6682-4DEB-A98F-3013A1215282}.Debug|x64.Build.0 = Debug|x64
		{5E88ABDF-6682-4DEB-A98F-3013A1215282}.Release|x64.ActiveCfg = Release|x64
		{5E88ABDF-6682-4DEB-A98F-3013A1215282}.Release|x64.Build.0 = Release|x64
		{50CDDD0D-C430-4F29-A26A-716A71C93E87}.Debug|x64.ActiveCfg = Debug|x64
		{50CDDD0D-C430-4F29-A26A-716A71C93E87}.Debug|x64.Build.0 = Debug|x64
		{50CDDD0D-C430-4F29-A26A-716A71C93E87}.Release|x64.ActiveCfg = Release|x64
		{50CDDD0D-C430-4F29-A26A-716A71C93E87}.Release|x64.Build.0 = Release|x64
	EndGlobalSection
	GlobalSection(SolutionProperties) = preSolution
		HideSolutionNode = FALSE
	EndGlobalSection
	GlobalSection(ExtensibilityGlobals) = postSolution
		SolutionGuid = {987BE0AF-0010-46A4-80C7-D3DDD1568262}
	EndGlobalSection
EndGlobal
